dependencies:
- name: external-secrets
  repository: https://charts.external-secrets.io
  version: 0.10.0
- name: reloader
  repository: https://stakater.github.io/stakater-charts
  version: 1.0.119
digest: sha256:9b9234e9cdc366f5b009670c46e63ee914617924b2ca8205514a07a912ec888e
generated: "2024-08-07T07:52:57.592369027Z"
