dependencies:
- name: external-secrets
  repository: https://charts.external-secrets.io
  version: 0.9.16
- name: reloader
  repository: https://stakater.github.io/stakater-charts
  version: 1.0.83
digest: sha256:e75c001f36c894e79fe340c0684f169bb1c142cc0c3f9e6b2f67cf8c282366ce
generated: "2024-04-26T13:17:45.134087825+02:00"
